
Microsoft Visual Studio Solution File, Format Version 12.00
# Visual Studio Version 16
VisualStudioVersion = 16.0.30225.117
MinimumVisualStudioVersion = 10.0.40219.1
Project("{FAE04EC0-301F-11D3-BF4B-00C04F79EFBC}") = "KTool", "KTool\KTool.csproj", "{DC5FA448-4AFB-44C8-9F46-CF6389F6094C}"
EndProject
Global
	GlobalSection(SolutionConfigurationPlatforms) = preSolution
		Debug|Any CPU = Debug|Any CPU
		Release|Any CPU = Release|Any CPU
	EndGlobalSection
	GlobalSection(ProjectConfigurationPlatforms) = postSolution
		{DC5FA448-4AFB-44C8-9F46-CF6389F6094C}.Debug|Any CPU.ActiveCfg = Debug|Any CPU
		{DC5FA448-4AFB-44C8-9F46-CF6389F6094C}.Debug|Any CPU.Build.0 = Debug|Any CPU
		{DC5FA448-4AFB-44C8-9F46-CF6389F6094C}.Release|Any CPU.ActiveCfg = Release|Any CPU
		{DC5FA448-4AFB-44C8-9F46-CF6389F6094C}.Release|Any CPU.Build.0 = Release|Any CPU
	EndGlobalSection
	GlobalSection(SolutionProperties) = preSolution
		HideSolutionNode = FALSE
	EndGlobalSection
	GlobalSection(ExtensibilityGlobals) = postSolution
		SolutionGuid = {16A1C344-BD49-48AB-93D5-04D25A07192A}
	EndGlobalSection
EndGlobal
